
Microsoft Visual Studio Solution File, Format Version 12.00
# Visual Studio Version 16
VisualStudioVersion = 16.0.31702.278
MinimumVisualStudioVersion = 10.0.40219.1
Project("{FAE04EC0-301F-11D3-BF4B-00C04F79EFBC}") = "AdaKioskUnitTest", "AdaKioskUnitTest.csproj", "{C59DB7F0-F0A1-40D2-86B4-31B0AC8DA0D6}"
EndProject
Global
	GlobalSection(SolutionConfigurationPlatforms) = preSolution
		Debug|Any CPU = Debug|Any CPU
		Release|Any CPU = Release|Any CPU
	EndGlobalSection
	GlobalSection(ProjectConfigurationPlatforms) = postSolution
		{C59DB7F0-F0A1-40D2-86B4-31B0AC8DA0D6}.Debug|Any CPU.ActiveCfg = Debug|Any CPU
		{C59DB7F0-F0A1-40D2-86B4-31B0AC8DA0D6}.Debug|Any CPU.Build.0 = Debug|Any CPU
		{C59DB7F0-F0A1-40D2-86B4-31B0AC8DA0D6}.Release|Any CPU.ActiveCfg = Release|Any CPU
		{C59DB7F0-F0A1-40D2-86B4-31B0AC8DA0D6}.Release|Any CPU.Build.0 = Release|Any CPU
	EndGlobalSection
	GlobalSection(SolutionProperties) = preSolution
		HideSolutionNode = FALSE
	EndGlobalSection
	GlobalSection(ExtensibilityGlobals) = postSolution
		SolutionGuid = {D977F75C-D9C5-4941-A9E8-29B7510EEC7D}
	EndGlobalSection
EndGlobal
